
Microsoft Visual Studio Solution File, Format Version 12.00
# Visual Studio Version 17
VisualStudioVersion = 17.10.35013.160
MinimumVisualStudioVersion = 10.0.40219.1
Project("{E24C65DC-7377-472B-9ABA-BC803B73C61A}") = "Reportx", "Reportx\", "{35C7730B-33E1-4078-A267-34F0EB6F6FDF}"
	ProjectSection(WebsiteProperties) = preProject
		TargetFrameworkMoniker = ".NETFramework,Version%3Dv4.7.2"
		Debug.AspNetCompiler.VirtualPath = "/localhost_54957"
		Debug.AspNetCompiler.PhysicalPath = "Reportx\"
		Debug.AspNetCompiler.TargetPath = "PrecompiledWeb\localhost_54957\"
		Debug.AspNetCompiler.Updateable = "true"
		Debug.AspNetCompiler.ForceOverwrite = "true"
		Debug.AspNetCompiler.FixedNames = "false"
		Debug.AspNetCompiler.Debug = "True"
		Release.AspNetCompiler.VirtualPath = "/localhost_54957"
		Release.AspNetCompiler.PhysicalPath = "Reportx\"
		Release.AspNetCompiler.TargetPath = "PrecompiledWeb\localhost_54957\"
		Release.AspNetCompiler.Updateable = "true"
		Release.AspNetCompiler.ForceOverwrite = "true"
		Release.AspNetCompiler.FixedNames = "false"
		Release.AspNetCompiler.Debug = "False"
		VWDPort = "54957"
		SlnRelativePath = "Reportx\"
		DefaultWebSiteLanguage = "Visual Basic"
	EndProjectSection
EndProject
Global
	GlobalSection(SolutionConfigurationPlatforms) = preSolution
		Debug|Any CPU = Debug|Any CPU
	EndGlobalSection
	GlobalSection(ProjectConfigurationPlatforms) = postSolution
		{35C7730B-33E1-4078-A267-34F0EB6F6FDF}.Debug|Any CPU.ActiveCfg = Debug|Any CPU
		{35C7730B-33E1-4078-A267-34F0EB6F6FDF}.Debug|Any CPU.Build.0 = Debug|Any CPU
	EndGlobalSection
	GlobalSection(SolutionProperties) = preSolution
		HideSolutionNode = FALSE
	EndGlobalSection
	GlobalSection(ExtensibilityGlobals) = postSolution
		SolutionGuid = {E9006B81-3B42-4FC3-94E1-04F831018A0F}
	EndGlobalSection
EndGlobal
